{
  "sources": {
    "runit": {
      "locked_version": "1.5.10"
    },
    "sudo": {
      "locked_version": "2.5.3",
      "git": "https://github.com/opscode-cookbooks/sudo.git",
      "ref": "d2902b4d6ea6fe2cf175d1921f0cb96b84e089bd"
    },
    "users": {
      "locked_version": "1.7.1",
      "git": "https://github.com/opscode-cookbooks/users.git",
      "ref": "526a61b769778edd4e457a9c58571daee8433e75"
    },
    "chef-solo-search": {
      "locked_version": "0.5.1",
      "git": "https://github.com/edelight/chef-solo-search",
      "ref": "4079db540b9b2b00fb383cba8c30f24c2c3bfbb4"
    },
    "postfix": {
      "locked_version": "3.1.9",
      "git": "https://github.com/opscode-cookbooks/postfix.git",
      "ref": "f27480fa4ca551d25e3040d8e281700149e95d6c"
    },
    "rbenv": {
      "locked_version": "0.7.3",
      "git": "https://github.com/fnichol/chef-rbenv.git",
      "ref": "0a3018634bafe58ad21c6ee271af015220e444b9"
    },
    "ruby_build": {
      "locked_version": "0.8.1",
      "git": "https://github.com/fnichol/chef-ruby_build.git",
      "ref": "4d3361995a6953076951693eff1b326ab499fe1e"
    },
    "build-essential": {
      "locked_version": "2.0.0"
    },
    "yum": {
      "locked_version": "3.1.6"
    },
    "yum-epel": {
      "locked_version": "0.3.4"
    },
    "java": {
      "locked_version": "1.22.0"
    }
  }
}
