{
  "sources": {
    "runit": {
      "locked_version": "1.5.10"
    },
    "nginx": {
      "locked_version": "2.5.1",
      "git": "git://github.com/opscode-cookbooks/nginx.git",
      "ref": "609b9191c95bf33430962c9e57f224fc00c51680"
    },
    "sudo": {
      "locked_version": "2.5.3",
      "git": "https://github.com/opscode-cookbooks/sudo.git",
      "ref": "d2902b4d6ea6fe2cf175d1921f0cb96b84e089bd"
    },
    "users": {
      "locked_version": "1.7.1",
      "git": "https://github.com/opscode-cookbooks/users.git",
      "ref": "526a61b769778edd4e457a9c58571daee8433e75"
    },
    "chef-solo-search": {
      "locked_version": "0.5.1",
      "git": "https://github.com/edelight/chef-solo-search",
      "ref": "4079db540b9b2b00fb383cba8c30f24c2c3bfbb4"
    },
    "build-essential": {
      "locked_version": "2.0.0"
    },
    "yum": {
      "locked_version": "3.1.6"
    },
    "yum-epel": {
      "locked_version": "0.3.4"
    },
    "apt": {
      "locked_version": "2.3.8"
    },
    "bluepill": {
      "locked_version": "2.3.1"
    },
    "rsyslog": {
      "locked_version": "1.12.2"
    },
    "ohai": {
      "locked_version": "1.1.12"
    }
  }
}
